
Microsoft Visual Studio Solution File, Format Version 12.00
# Visual Studio Version 17
VisualStudioVersion = 17.13.35806.99 d17.13
MinimumVisualStudioVersion = 10.0.40219.1
Project("{FAE04EC0-301F-11D3-BF4B-00C04F79EFBC}") = "BucketSort", "BucketSort\BucketSort.csproj", "{F0DCB05D-0281-4C60-99AC-D647A559D442}"
EndProject
Global
	GlobalSection(SolutionConfigurationPlatforms) = preSolution
		Debug|Any CPU = Debug|Any CPU
		Release|Any CPU = Release|Any CPU
	EndGlobalSection
	GlobalSection(ProjectConfigurationPlatforms) = postSolution
		{F0DCB05D-0281-4C60-99AC-D647A559D442}.Debug|Any CPU.ActiveCfg = Debug|Any CPU
		{F0DCB05D-0281-4C60-99AC-D647A559D442}.Debug|Any CPU.Build.0 = Debug|Any CPU
		{F0DCB05D-0281-4C60-99AC-D647A559D442}.Release|Any CPU.ActiveCfg = Release|Any CPU
		{F0DCB05D-0281-4C60-99AC-D647A559D442}.Release|Any CPU.Build.0 = Release|Any CPU
	EndGlobalSection
	GlobalSection(SolutionProperties) = preSolution
		HideSolutionNode = FALSE
	EndGlobalSection
	GlobalSection(ExtensibilityGlobals) = postSolution
		SolutionGuid = {9066F2D9-02EC-4292-A30D-29F3F561F60E}
	EndGlobalSection
EndGlobal
